hash: b92da3be152de3f23467dbe1226a9202fef257f1c3843dd33a9deb102fa2059a
updated: 2017-08-14T13:58:53.998885783+02:00
imports:
- name: cloud.google.com/go
  version: 44bcd0b2078ba5e7fedbeb36808d1ed893534750
  subpackages:
  - compute/metadata
  - datastore
  - internal/atomiccache
  - internal/fields
  - internal/version
- name: github.com/AndreasBriese/bbloom
  version: 28f7e881ca57bc00e028f9ede9f0d9104cfeef5e
- name: github.com/asaskevich/govalidator
  version: 15028e809df8c71964e8efa6c11e81d5c0262302
- name: github.com/beorn7/perks
  version: 4c0e84591b9aa9e6dcfdf3e020114cd81f89d5f9
  subpackages:
  - quantile
- name: github.com/codahale/hdrhistogram
  version: 3a0bb77429bd3a61596f5e8a3172445844342120
- name: github.com/dgraph-io/badger
  version: 3ff26e3fb5b49c8aad5c17f0a2fbc88cd8e28307
  subpackages:
  - protos
  - skl
  - table
  - "y"
- name: github.com/dgraph-io/dgraph
  version: e4b731d2751bb4a5ec18e14f4292c8e4318a2912
  subpackages:
  - client
  - protos
  - types
  - x
- name: github.com/docker/go-units
  version: 0dadbb0345b35ec7ef35e228dabb8de89a65bf52
- name: github.com/eclipse/paho.mqtt.golang
  version: aff15770515e3c57fc6109da73d42b0d46f7f483
  subpackages:
  - packets
- name: github.com/evanphx/json-patch
  version: 944e07253867aacae43c04b2e6a239005443f33a
- name: github.com/go-openapi/analysis
  version: 8ed83f2ea9f00f945516462951a288eaa68bf0d6
- name: github.com/go-openapi/errors
  version: 03cfca65330da08a5a440053faf994a3c682b5bf
- name: github.com/go-openapi/jsonpointer
  version: 779f45308c19820f1a69e9a4cd965f496e0da10f
- name: github.com/go-openapi/jsonreference
  version: 36d33bfe519efae5632669801b180bf1a245da3b
- name: github.com/go-openapi/loads
  version: a80dea3052f00e5f032e860dd7355cd0cc67e24d
- name: github.com/go-openapi/runtime
  version: d6605b7c17ac3b1033ca794886e6142a4141f5b0
  subpackages:
  - flagext
  - middleware
  - middleware/denco
  - middleware/header
  - middleware/untyped
  - security
  - yamlpc
- name: github.com/go-openapi/spec
  version: 3faa0055dbbf2110abc1f3b4e3adbb22721e96e7
- name: github.com/go-openapi/strfmt
  version: 93a31ef21ac23f317792fff78f9539219dd74619
- name: github.com/go-openapi/swag
  version: f3f9494671f93fcff853e3c6e9e948b3eb71e590
- name: github.com/go-openapi/validate
  version: 8a82927c942c94794a5cd8b8b50ce2f48a955c0c
- name: github.com/golang/geo
  version: 31fb0106dc4a947e5aaee1fe186e56447f839510
  subpackages:
  - r1
  - r2
  - r3
  - s1
  - s2
- name: github.com/golang/protobuf
  version: 1909bc2f63dc92bb931deace8b8312c4db72d12f
  subpackages:
  - proto
  - protoc-gen-go/descriptor
  - ptypes/any
  - ptypes/struct
  - ptypes/timestamp
  - ptypes/wrappers
- name: github.com/hashicorp/go-immutable-radix
  version: 8aac2701530899b64bdea735a1de8da899815220
- name: github.com/hashicorp/go-memdb
  version: 2b2d6c35e14e7557ea1003e707d5e179fa315028
- name: github.com/hashicorp/golang-lru
  version: 0a025b7e63adc15a622f29b0b2c4c3848243bbf6
  subpackages:
  - simplelru
- name: github.com/jessevdk/go-flags
  version: 96dc06278ce32a0e9d957d590bb987c81ee66407
- name: github.com/mailru/easyjson
  version: 2f5df55504ebc322e4d52d34df6a1f5b503bf26d
  subpackages:
  - buffer
  - jlexer
  - jwriter
- name: github.com/matttproud/golang_protobuf_extensions
  version: c12348ce28de40eed0136aa2b644d0ee0650e56c
  subpackages:
  - pbutil
- name: github.com/mitchellh/mapstructure
  version: d0303fe809921458f417bcf828397a65db30a7e4
- name: github.com/pkg/errors
  version: c605e284fe17294bda444b34710735b29d1a9d90
- name: github.com/prometheus/client_golang
  version: 94ff84a9a6ebb5e6eb9172897c221a64df3443bc
  subpackages:
  - prometheus
- name: github.com/prometheus/client_model
  version: 6f3806018612930941127f2a7c6c453ba2c527d2
  subpackages:
  - go
- name: github.com/prometheus/common
  version: 61f87aac8082fa8c3c5655c7608d7478d46ac2ad
  subpackages:
  - expfmt
  - internal/bitbucket.org/ww/goautoneg
  - model
- name: github.com/prometheus/procfs
  version: e645f4e5aaa8506fc71d6edbc5c4ff02c04c46f2
  subpackages:
  - xfs
- name: github.com/PuerkitoBio/purell
  version: 7cf257f0a33260797b0febf39f95fccd86aab2a3
- name: github.com/PuerkitoBio/urlesc
  version: de5bf2ad457846296e2031421a34e2568e304e35
- name: github.com/satori/go.uuid
  version: 879c5887cd475cd7864858769793b2ceb0d44feb
- name: github.com/twpayne/go-geom
  version: 0f56701f8f463c58f874dd0667ccb75bed17de2f
  subpackages:
  - encoding/geojson
  - encoding/wkb
  - encoding/wkbcommon
- name: github.com/tylerb/graceful
  version: 4654dfbb6ad53cb5e27f37d99b02e16c1872fbbb
- name: golang.org/x/crypto
  version: b176d7def5d71bdd214203491f89843ed217f420
  subpackages:
  - bcrypt
  - blowfish
- name: golang.org/x/net
  version: 1c05540f6879653db88113bc4a2b70aec4bd491f
  subpackages:
  - context
  - context/ctxhttp
  - http2
  - http2/hpack
  - idna
  - internal/timeseries
  - lex/httplex
  - proxy
  - trace
  - websocket
- name: golang.org/x/oauth2
  version: 9a379c6b3e95a790ffc43293c2a78dee0d7b6e20
  subpackages:
  - google
  - internal
  - jws
  - jwt
- name: golang.org/x/sys
  version: c84c1ab9fd18cdd4c23dd021c10f5f46dea95e46
  subpackages:
  - unix
- name: golang.org/x/text
  version: b19bf474d317b857955b12035d2c5acb57ce8b01
  subpackages:
  - secure/bidirule
  - transform
  - unicode/bidi
  - unicode/norm
  - width
- name: google.golang.org/api
  version: 98825bb0065da4054e5da6db34f5fc598e50bc24
  subpackages:
  - internal
  - iterator
  - option
  - transport/grpc
- name: google.golang.org/appengine
  version: c5a90ac045b779001847fec87403f5cba090deae
  subpackages:
  - internal
  - internal/app_identity
  - internal/base
  - internal/datastore
  - internal/log
  - internal/modules
  - internal/remote_api
  - internal/socket
  - internal/urlfetch
  - socket
  - urlfetch
- name: google.golang.org/genproto
  version: 09f6ed296fc66555a25fe4ce95173148778dfa85
  subpackages:
  - googleapis/api/annotations
  - googleapis/datastore/v1
  - googleapis/rpc/status
  - googleapis/type/latlng
- name: google.golang.org/grpc
  version: b8669c35455183da6d5c474ea6e72fbf55183274
  subpackages:
  - codes
  - credentials
  - credentials/oauth
  - grpclb/grpc_lb_v1
  - grpclog
  - internal
  - keepalive
  - metadata
  - naming
  - peer
  - stats
  - status
  - tap
  - transport
- name: gopkg.in/mgo.v2
  version: 3f83fa5005286a7fe593b055f0d7771a7dce4655
  subpackages:
  - bson
  - internal/json
- name: gopkg.in/yaml.v2
  version: eb3733d160e74a9c7e442f435eb3bea458e1d19f
testImports: []
